{
    "name": "wavoip-node-example",
    "lockfileVersion": 3,
    "requires": true,
    "packages": {
        "": {
            "name": "wavoip-node-example",
            "dependencies": {
                "@roamhq/wrtc": "^0.10.0",
                "@wavoip/wavoip-api": "file:../../../../../../../tmp/wavoip-wavoip-api-2.7.0.tgz",
                "ws": "^8.21.3"
            },
            "devDependencies": {
                "@types/node": "^24.13.6",
                "typescript": "^5.8.2"
            }
        },
        "node_modules/@roamhq/wrtc": {
            "version": "0.10.0",
            "resolved": "https://registry.npmjs.org/@roamhq/wrtc/-/wrtc-0.10.0.tgz",
            "integrity": "sha512-yFqQQ0EV1ZUHaphh3tmjoxPi2wzhW2vjmzoAVNRRLUjXYd2e1nvwi9TKfE2w4WNvNws/hBkouvOt23Xo9FkXkQ==",
            "license": "BSD-2-Clause",
            "optionalDependencies": {
                "@roamhq/wrtc-darwin-arm64": "0.10.0",
                "@roamhq/wrtc-darwin-x64": "0.10.0",
                "@roamhq/wrtc-linux-arm64": "0.10.0",
                "@roamhq/wrtc-linux-x64": "0.10.0",
                "@roamhq/wrtc-win32-x64": "0.10.0",
                "domexception": "^4.0.0"
            }
        },
        "node_modules/@roamhq/wrtc-darwin-arm64": {
            "version": "0.10.0",
            "resolved": "https://registry.npmjs.org/@roamhq/wrtc-darwin-arm64/-/wrtc-darwin-arm64-0.10.0.tgz",
            "integrity": "sha512-vFdi79jWuPHcnUcnuOjTvyKtmY/RI2xRQo9Y6RsIjIlYePN/7LTy00c+Ivrz4prYAPbp0oHscl7PDV64VUqGTQ==",
            "cpu": [
                "arm64"
            ],
            "license": "BSD-2-Clause",
            "optional": true,
            "os": [
                "darwin"
            ]
        },
        "node_modules/@roamhq/wrtc-darwin-x64": {
            "version": "0.10.0",
            "resolved": "https://registry.npmjs.org/@roamhq/wrtc-darwin-x64/-/wrtc-darwin-x64-0.10.0.tgz",
            "integrity": "sha512-H6852g2xYCuaR+/TrthpdMafs4bMfAUEpvRDhsIguzrK7Dz+MKpNI8MkwdqJN8W65J+7w7k+YqXIkTHe7Fz/cg==",
            "cpu": [
                "x64"
            ],
            "license": "BSD-2-Clause",
            "optional": true,
            "os": [
                "darwin"
            ]
        },
        "node_modules/@roamhq/wrtc-linux-arm64": {
            "version": "0.10.0",
            "resolved": "https://registry.npmjs.org/@roamhq/wrtc-linux-arm64/-/wrtc-linux-arm64-0.10.0.tgz",
            "integrity": "sha512-fEuJbNjprxQG6QlFd2iqBW9x028RDSho6izVg7gyt8irdPiXWOxzOxNnYMs/B2fohBTd1wD4Qxfivl07/dCR8A==",
            "cpu": [
                "arm64"
            ],
            "license": "BSD-2-Clause",
            "optional": true,
            "os": [
                "linux"
            ]
        },
        "node_modules/@roamhq/wrtc-linux-x64": {
            "version": "0.10.0",
            "resolved": "https://registry.npmjs.org/@roamhq/wrtc-linux-x64/-/wrtc-linux-x64-0.10.0.tgz",
            "integrity": "sha512-H32lK2eFg3sVb/9nkHIX5HIisxFoS82Gpesuea+zqAyRpRzSd5NpFXx28bVy9wQyRrNtj8k0bTUgEzWRzSbYCA==",
            "cpu": [
                "x64"
            ],
            "license": "BSD-2-Clause",
            "optional": true,
            "os": [
                "linux"
            ]
        },
        "node_modules/@roamhq/wrtc-win32-x64": {
            "version": "0.10.0",
            "resolved": "https://registry.npmjs.org/@roamhq/wrtc-win32-x64/-/wrtc-win32-x64-0.10.0.tgz",
            "integrity": "sha512-wEVXMvLrBizdLyrd+Zc7zb7zpwUuHUBXwrdIvI69e3i/AA8YsVYI2xo/sxk6GoQ+o8a14ONc4SStDS35TCjg+w==",
            "cpu": [
                "x64"
            ],
            "license": "BSD-2-Clause",
            "optional": true,
            "os": [
                "win32"
            ]
        },
        "node_modules/@socket.io/component-emitter": {
            "version": "3.1.2",
            "resolved": "https://registry.npmjs.org/@socket.io/component-emitter/-/component-emitter-3.1.2.tgz",
            "integrity": "sha512-9BCxFwvbGg/RsZK9tjXd8s4UcwR0MWeFQ1XEKIQVVvAGJyINdrqKMcTRyLoK8Rse1GjzLV9cwjWV1olXRWEXVA==",
            "license": "MIT"
        },
        "node_modules/@types/node": {
            "version": "24.13.6",
            "resolved": "https://registry.npmjs.org/@types/node/-/node-24.13.6.tgz",
            "integrity": "sha512-SGrw/h3KPFshy3OE6ZL53LMBG5vGQQ8/gIpiqz/kRZhPJ7HgwCEs8LBuNtWLa8dvGZVpSF7+Bf+c11HUrCb/yg==",
            "dev": true,
            "license": "MIT",
            "dependencies": {
                "undici-types": "~7.18.0"
            }
        },
        "node_modules/@wavoip/wavoip-api": {
            "version": "2.7.0",
            "resolved": "file:../../../../../../../tmp/wavoip-wavoip-api-2.7.0.tgz",
            "integrity": "sha512-Mxjtr9LoZ+2iqBtDQjtcTxhcQpQBkc4rfyv203Fju+a9RFjdbpZPop5Cu6LyWgh2UEcMN/05LxaUEQivmspWUA==",
            "license": "MIT",
            "dependencies": {
                "socket.io-client": "^4.8.1"
            },
            "peerDependencies": {
                "@roamhq/wrtc": "^0.10.0",
                "react-native-audio-api": ">=0.13.0",
                "react-native-incall-manager": ">=4.0.0",
                "react-native-webrtc": ">=124.0.0",
                "ws": "^8.0.0"
            },
            "peerDependenciesMeta": {
                "@roamhq/wrtc": {
                    "optional": true
                },
                "react-native-audio-api": {
                    "optional": true
                },
                "react-native-incall-manager": {
                    "optional": true
                },
                "react-native-webrtc": {
                    "optional": true
                },
                "ws": {
                    "optional": true
                }
            }
        },
        "node_modules/debug": {
            "version": "4.4.3",
            "resolved": "https://registry.npmjs.org/debug/-/debug-4.4.3.tgz",
            "integrity": "sha512-RGwwWnwQvkVfavKVt22FGLw+xYSdzARwm0ru6DhTVA3umU5hZc28V3kO4stgYryrTlLpuvgI9GiijltAjNbcqA==",
            "license": "MIT",
            "dependencies": {
                "ms": "^2.1.3"
            },
            "engines": {
                "node": ">=6.0"
            },
            "peerDependenciesMeta": {
                "supports-color": {
                    "optional": true
                }
            }
        },
        "node_modules/domexception": {
            "version": "4.0.0",
            "resolved": "https://registry.npmjs.org/domexception/-/domexception-4.0.0.tgz",
            "integrity": "sha512-A2is4PLG+eeSfoTMA95/s4pvAoSo2mKtiM5jlHkAVewmiO8ISFTFKZjH7UAM1Atli/OT/7JHOrJRJiMKUZKYBw==",
            "deprecated": "Use your platform's native DOMException instead",
            "license": "MIT",
            "optional": true,
            "dependencies": {
                "webidl-conversions": "^7.0.0"
            },
            "engines": {
                "node": ">=12"
            }
        },
        "node_modules/engine.io-client": {
            "version": "6.6.7",
            "resolved": "https://registry.npmjs.org/engine.io-client/-/engine.io-client-6.6.7.tgz",
            "integrity": "sha512-GyAvmPA7gnRCpDQbYACAy79Lg4ewevrmaPzySZz0OVvgyZc3gEfLLqPTYk8wVBScjOEpM9ZO4KryyFpVItjGEA==",
            "license": "MIT",
            "dependencies": {
                "@socket.io/component-emitter": "~3.1.0",
                "debug": "~4.4.1",
                "engine.io-parser": "~5.2.1",
                "ws": "~8.21.0",
                "xmlhttprequest-ssl": "~2.1.1"
            }
        },
        "node_modules/engine.io-parser": {
            "version": "5.2.3",
            "resolved": "https://registry.npmjs.org/engine.io-parser/-/engine.io-parser-5.2.3.tgz",
            "integrity": "sha512-HqD3yTBfnBxIrbnM1DoD6Pcq8NECnh8d4As1Qgh0z5Gg3jRRIqijury0CL3ghu/edArpUYiYqQiDUQBIs4np3Q==",
            "license": "MIT",
            "engines": {
                "node": ">=10.0.0"
            }
        },
        "node_modules/ms": {
            "version": "2.1.3",
            "resolved": "https://registry.npmjs.org/ms/-/ms-2.1.3.tgz",
            "integrity": "sha512-6FlzubTLZG3J2a/NVCAleEhjzq5oxgHyaCU9yYXvcLsvoVaHJq/s5xXI6/XXP6tz7R9xAOtHnSO/tXtF3WRTlA==",
            "license": "MIT"
        },
        "node_modules/socket.io-client": {
            "version": "4.8.4",
            "resolved": "https://registry.npmjs.org/socket.io-client/-/socket.io-client-4.8.4.tgz",
            "integrity": "sha512-7wjKAvVXYOJsbmUgkWbnhPD4bFpkqrUR0++XOjpGFmqDqsqV1CI93VTraeExLxpjxEqrWgFoSRZu1ihjLWfkAA==",
            "license": "MIT",
            "dependencies": {
                "@socket.io/component-emitter": "~3.1.0",
                "debug": "~4.4.1",
                "engine.io-client": "~6.6.1",
                "socket.io-parser": "~4.2.4"
            },
            "engines": {
                "node": ">=10.0.0"
            }
        },
        "node_modules/socket.io-parser": {
            "version": "4.2.7",
            "resolved": "https://registry.npmjs.org/socket.io-parser/-/socket.io-parser-4.2.7.tgz",
            "integrity": "sha512-IH/iSeO9T6gz1KkFleGDWkG9N3dl4jXVYUtMhIqH10Md0ttMer8nUNWiP1DKuNrybD2xBrixLJdCC9J6ECoYkg==",
            "license": "MIT",
            "dependencies": {
                "@socket.io/component-emitter": "~3.1.0",
                "debug": "~4.4.1"
            },
            "engines": {
                "node": ">=10.0.0"
            }
        },
        "node_modules/typescript": {
            "version": "5.8.2",
            "resolved": "https://registry.npmjs.org/typescript/-/typescript-5.8.2.tgz",
            "integrity": "sha512-aJn6wq13/afZp/jT9QZmwEjDqqvSGp1VT5GVg+f/t6/oVyrgXM6BY1h9BRh/O5p3PlUPAe+WuiEZOmb/49RqoQ==",
            "dev": true,
            "license": "Apache-2.0",
            "bin": {
                "tsc": "bin/tsc",
                "tsserver": "bin/tsserver"
            },
            "engines": {
                "node": ">=14.17"
            }
        },
        "node_modules/undici-types": {
            "version": "7.18.2",
            "resolved": "https://registry.npmjs.org/undici-types/-/undici-types-7.18.2.tgz",
            "integrity": "sha512-AsuCzffGHJybSaRrmr5eHr81mwJU3kjw6M+uprWvCXiNeN9SOGwQ3Jn8jb8m3Z6izVgknn1R0FTCEAP2QrLY/w==",
            "dev": true,
            "license": "MIT"
        },
        "node_modules/webidl-conversions": {
            "version": "7.0.0",
            "resolved": "https://registry.npmjs.org/webidl-conversions/-/webidl-conversions-7.0.0.tgz",
            "integrity": "sha512-VwddBukDzu71offAQR975unBIGqfKZpM+8ZX6ySk8nYhVoo5CYaZyzt3YBvYtRtO+aoGlqxPg/B87NGVZ/fu6g==",
            "license": "BSD-2-Clause",
            "optional": true,
            "engines": {
                "node": ">=12"
            }
        },
        "node_modules/ws": {
            "version": "8.21.3",
            "resolved": "https://registry.npmjs.org/ws/-/ws-8.21.3.tgz",
            "integrity": "sha512-201TZ/kPWxoPr/OKWjquZR1SWKXcvxdH+e1xrx89b3YbmzLMFCLfnaG1HFIgWzJOEWZ7MvpK++odZufgYR50Rw==",
            "license": "MIT",
            "engines": {
                "node": ">=10.0.0"
            },
            "peerDependencies": {
                "bufferutil": "^4.0.1",
                "utf-8-validate": ">=5.0.2"
            },
            "peerDependenciesMeta": {
                "bufferutil": {
                    "optional": true
                },
                "utf-8-validate": {
                    "optional": true
                }
            }
        },
        "node_modules/xmlhttprequest-ssl": {
            "version": "2.1.2",
            "resolved": "https://registry.npmjs.org/xmlhttprequest-ssl/-/xmlhttprequest-ssl-2.1.2.tgz",
            "integrity": "sha512-TEU+nJVUUnA4CYJFLvK5X9AOeH4KvDvhIfm0vV1GaQRtchnG0hgK5p8hw/xjv8cunWYCsiPCSDzObPyhEwq3KQ==",
            "engines": {
                "node": ">=0.4.0"
            }
        }
    }
}
